
Microsoft Visual Studio Solution File, Format Version 12.00
# Visual Studio Version 16
VisualStudioVersion = 16.0.31019.35
MinimumVisualStudioVersion = 10.0.40219.1
Project("{8BC9CEB8-8B4A-11D0-8D11-00A0C91BC942}") = "DCLab7", "DCLab7\DCLab7.vcxproj", "{E0608E37-4548-4BA3-BC37-95820F31BDF3}"
EndProject
Global
	GlobalSection(SolutionConfigurationPlatforms) = preSolution
		Debug|x64 = Debug|x64
		Debug|x86 = Debug|x86
		Release|x64 = Release|x64
		Release|x86 = Release|x86
	EndGlobalSection
	GlobalSection(ProjectConfigurationPlatforms) = postSolution
		{E0608E37-4548-4BA3-BC37-95820F31BDF3}.Debug|x64.ActiveCfg = Debug|x64
		{E0608E37-4548-4BA3-BC37-95820F31BDF3}.Debug|x64.Build.0 = Debug|x64
		{E0608E37-4548-4BA3-BC37-95820F31BDF3}.Debug|x86.ActiveCfg = Debug|Win32
		{E0608E37-4548-4BA3-BC37-95820F31BDF3}.Debug|x86.Build.0 = Debug|Win32
		{E0608E37-4548-4BA3-BC37-95820F31BDF3}.Release|x64.ActiveCfg = Release|x64
		{E0608E37-4548-4BA3-BC37-95820F31BDF3}.Release|x64.Build.0 = Release|x64
		{E0608E37-4548-4BA3-BC37-95820F31BDF3}.Release|x86.ActiveCfg = Release|Win32
		{E0608E37-4548-4BA3-BC37-95820F31BDF3}.Release|x86.Build.0 = Release|Win32
	EndGlobalSection
	GlobalSection(SolutionProperties) = preSolution
		HideSolutionNode = FALSE
	EndGlobalSection
	GlobalSection(ExtensibilityGlobals) = postSolution
		SolutionGuid = {526B7DC1-9954-4E32-9458-E230D32003B0}
	EndGlobalSection
EndGlobal
